
Microsoft Visual Studio Solution File, Format Version 12.00
# Visual Studio Version 16
VisualStudioVersion = 16.0.29020.237
MinimumVisualStudioVersion = 10.0.40219.1
Project("{FAE04EC0-301F-11D3-BF4B-00C04F79EFBC}") = "TRMDataManager", "TRMDataManager\TRMDataManager.csproj", "{1BBB3C21-B031-4D42-AB11-8AFA075C9C64}"
EndProject
Project("{00D1A9C2-B5F0-4AF3-8072-F6C62B433612}") = "TRMData", "TRMData\TRMData.sqlproj", "{F062C08E-2EDB-422B-B91F-091C71E5A00A}"
EndProject
Project("{FAE04EC0-301F-11D3-BF4B-00C04F79EFBC}") = "TRMDesktopUI", "TRMDesktopUI\TRMDesktopUI.csproj", "{4135B778-AC00-47A7-A45A-17C99BA64841}"
EndProject
Global
	GlobalSection(SolutionConfigurationPlatforms) = preSolution
		Debug|Any CPU = Debug|Any CPU
		Release|Any CPU = Release|Any CPU
	EndGlobalSection
	GlobalSection(ProjectConfigurationPlatforms) = postSolution
		{1BBB3C21-B031-4D42-AB11-8AFA075C9C64}.Debug|Any CPU.ActiveCfg = Debug|Any CPU
		{1BBB3C21-B031-4D42-AB11-8AFA075C9C64}.Debug|Any CPU.Build.0 = Debug|Any CPU
		{1BBB3C21-B031-4D42-AB11-8AFA075C9C64}.Release|Any CPU.ActiveCfg = Release|Any CPU
		{1BBB3C21-B031-4D42-AB11-8AFA075C9C64}.Release|Any CPU.Build.0 = Release|Any CPU
		{F062C08E-2EDB-422B-B91F-091C71E5A00A}.Debug|Any CPU.ActiveCfg = Debug|Any CPU
		{F062C08E-2EDB-422B-B91F-091C71E5A00A}.Debug|Any CPU.Build.0 = Debug|Any CPU
		{F062C08E-2EDB-422B-B91F-091C71E5A00A}.Debug|Any CPU.Deploy.0 = Debug|Any CPU
		{F062C08E-2EDB-422B-B91F-091C71E5A00A}.Release|Any CPU.ActiveCfg = Release|Any CPU
		{F062C08E-2EDB-422B-B91F-091C71E5A00A}.Release|Any CPU.Build.0 = Release|Any CPU
		{F062C08E-2EDB-422B-B91F-091C71E5A00A}.Release|Any CPU.Deploy.0 = Release|Any CPU
		{4135B778-AC00-47A7-A45A-17C99BA64841}.Debug|Any CPU.ActiveCfg = Debug|Any CPU
		{4135B778-AC00-47A7-A45A-17C99BA64841}.Debug|Any CPU.Build.0 = Debug|Any CPU
		{4135B778-AC00-47A7-A45A-17C99BA64841}.Release|Any CPU.ActiveCfg = Release|Any CPU
		{4135B778-AC00-47A7-A45A-17C99BA64841}.Release|Any CPU.Build.0 = Release|Any CPU
	EndGlobalSection
	GlobalSection(SolutionProperties) = preSolution
		HideSolutionNode = FALSE
	EndGlobalSection
	GlobalSection(ExtensibilityGlobals) = postSolution
		SolutionGuid = {85271C9E-B5D9-457E-A8D5-4E193FEE86E8}
	EndGlobalSection
EndGlobal
